# This file is automatically @generated by Cargo.
# It is not intended for manual editing.
version = 4

[[package]]
name = "stacc"
version = "0.0.0"

[[package]]
name = "stacc-config"
version = "0.0.0"

[[package]]
name = "stacc-core"
version = "0.0.0"

[[package]]
name = "stacc-git"
version = "0.0.0"

[[package]]
name = "stacc-github"
version = "0.0.0"

[[package]]
name = "stacc-state"
version = "0.0.0"
